
Microsoft Visual Studio Solution File, Format Version 12.00
Project("{FAE04EC0-301F-11D3-BF4B-00C04F79EFBC}") = "ChessEngine", "ChessEngine\ChessEngine.csproj", "{DB1D73E6-EE56-4FE1-ABBF-E6EE039A737F}"
EndProject
Project("{FAE04EC0-301F-11D3-BF4B-00C04F79EFBC}") = "ChessEngine.Tests", "ChessEngine.Tests\ChessEngine.Tests.csproj", "{3702F2AE-EA84-44E3-9F93-EDF72A255E13}"
EndProject
Global
	GlobalSection(SolutionConfigurationPlatforms) = preSolution
		Debug|Any CPU = Debug|Any CPU
		Release|Any CPU = Release|Any CPU
	EndGlobalSection
	GlobalSection(ProjectConfigurationPlatforms) = postSolution
		{DB1D73E6-EE56-4FE1-ABBF-E6EE039A737F}.Debug|Any CPU.ActiveCfg = Debug|Any CPU
		{DB1D73E6-EE56-4FE1-ABBF-E6EE039A737F}.Debug|Any CPU.Build.0 = Debug|Any CPU
		{DB1D73E6-EE56-4FE1-ABBF-E6EE039A737F}.Release|Any CPU.ActiveCfg = Release|Any CPU
		{DB1D73E6-EE56-4FE1-ABBF-E6EE039A737F}.Release|Any CPU.Build.0 = Release|Any CPU
		{3702F2AE-EA84-44E3-9F93-EDF72A255E13}.Debug|Any CPU.ActiveCfg = Debug|Any CPU
		{3702F2AE-EA84-44E3-9F93-EDF72A255E13}.Debug|Any CPU.Build.0 = Debug|Any CPU
		{3702F2AE-EA84-44E3-9F93-EDF72A255E13}.Release|Any CPU.ActiveCfg = Release|Any CPU
		{3702F2AE-EA84-44E3-9F93-EDF72A255E13}.Release|Any CPU.Build.0 = Release|Any CPU
	EndGlobalSection
EndGlobal
